
Microsoft Visual Studio Solution File, Format Version 12.00
# Visual Studio Version 17
VisualStudioVersion = 17.14.36109.1 d17.14
MinimumVisualStudioVersion = 10.0.40219.1
Project("{FAE04EC0-301F-11D3-BF4B-00C04F79EFBC}") = "Presentation", "Presentation\Presentation.csproj", "{D197F1D9-66C6-44DE-AE2B-A01CAD017720}"
EndProject
Project("{FAE04EC0-301F-11D3-BF4B-00C04F79EFBC}") = "Application", "Application\Application.csproj", "{664A670B-F660-44EE-8A3A-4CC2750B00A7}"
EndProject
Project("{FAE04EC0-301F-11D3-BF4B-00C04F79EFBC}") = "Persistance", "Persistance\Persistance.csproj", "{83A1A13C-973D-4EC8-AD85-DFB6BF4EBD2E}"
EndProject
Global
	GlobalSection(SolutionConfigurationPlatforms) = preSolution
		Debug|Any CPU = Debug|Any CPU
		Release|Any CPU = Release|Any CPU
	EndGlobalSection
	GlobalSection(ProjectConfigurationPlatforms) = postSolution
		{D197F1D9-66C6-44DE-AE2B-A01CAD017720}.Debug|Any CPU.ActiveCfg = Debug|Any CPU
		{D197F1D9-66C6-44DE-AE2B-A01CAD017720}.Debug|Any CPU.Build.0 = Debug|Any CPU
		{D197F1D9-66C6-44DE-AE2B-A01CAD017720}.Release|Any CPU.ActiveCfg = Release|Any CPU
		{D197F1D9-66C6-44DE-AE2B-A01CAD017720}.Release|Any CPU.Build.0 = Release|Any CPU
		{664A670B-F660-44EE-8A3A-4CC2750B00A7}.Debug|Any CPU.ActiveCfg = Debug|Any CPU
		{664A670B-F660-44EE-8A3A-4CC2750B00A7}.Debug|Any CPU.Build.0 = Debug|Any CPU
		{664A670B-F660-44EE-8A3A-4CC2750B00A7}.Release|Any CPU.ActiveCfg = Release|Any CPU
		{664A670B-F660-44EE-8A3A-4CC2750B00A7}.Release|Any CPU.Build.0 = Release|Any CPU
		{83A1A13C-973D-4EC8-AD85-DFB6BF4EBD2E}.Debug|Any CPU.ActiveCfg = Debug|Any CPU
		{83A1A13C-973D-4EC8-AD85-DFB6BF4EBD2E}.Debug|Any CPU.Build.0 = Debug|Any CPU
		{83A1A13C-973D-4EC8-AD85-DFB6BF4EBD2E}.Release|Any CPU.ActiveCfg = Release|Any CPU
		{83A1A13C-973D-4EC8-AD85-DFB6BF4EBD2E}.Release|Any CPU.Build.0 = Release|Any CPU
	EndGlobalSection
	GlobalSection(SolutionProperties) = preSolution
		HideSolutionNode = FALSE
	EndGlobalSection
	GlobalSection(ExtensibilityGlobals) = postSolution
		SolutionGuid = {7F479A96-E492-413C-A94D-84424441BD61}
	EndGlobalSection
EndGlobal
